
Microsoft Visual Studio Solution File, Format Version 12.00
# Visual Studio 15
VisualStudioVersion = 15.0.28010.0
MinimumVisualStudioVersion = 10.0.40219.1
Project("{8BC9CEB8-8B4A-11D0-8D11-00A0C91BC942}") = "CPP-Assessments", "CPP-Assessments\CPP-Assessments.vcxproj", "{374D3911-9D12-4FFB-8633-3DC27BECE62A}"
EndProject
Project("{8BC9CEB8-8B4A-11D0-8D11-00A0C91BC942}") = "NumberGuessingGame", "NumberGuessingGame\NumberGuessingGame.vcxproj", "{442930E1-59AC-485D-B0F2-F5D9098A98DD}"
EndProject
Project("{8BC9CEB8-8B4A-11D0-8D11-00A0C91BC942}") = "TicTacToeGame", "TicTacToeGame\TicTacToeGame.vcxproj", "{564BFA3D-E8A7-49B2-9FCF-8B952475E7E9}"
EndProject
Project("{8BC9CEB8-8B4A-11D0-8D11-00A0C91BC942}") = "CivilWarSimulator", "CivilWarSimulator\lab00.vcxproj", "{177DBFB0-1888-42A6-9259-44B2230257E0}"
EndProject
Global
	GlobalSection(SolutionConfigurationPlatforms) = preSolution
		Debug|x64 = Debug|x64
		Debug|x86 = Debug|x86
		Release|x64 = Release|x64
		Release|x86 = Release|x86
	EndGlobalSection
	GlobalSection(ProjectConfigurationPlatforms) = postSolution
		{374D3911-9D12-4FFB-8633-3DC27BECE62A}.Debug|x64.ActiveCfg = Debug|x64
		{374D3911-9D12-4FFB-8633-3DC27BECE62A}.Debug|x64.Build.0 = Debug|x64
		{374D3911-9D12-4FFB-8633-3DC27BECE62A}.Debug|x86.ActiveCfg = Debug|Win32
		{374D3911-9D12-4FFB-8633-3DC27BECE62A}.Debug|x86.Build.0 = Debug|Win32
		{374D3911-9D12-4FFB-8633-3DC27BECE62A}.Release|x64.ActiveCfg = Release|x64
		{374D3911-9D12-4FFB-8633-3DC27BECE62A}.Release|x64.Build.0 = Release|x64
		{374D3911-9D12-4FFB-8633-3DC27BECE62A}.Release|x86.ActiveCfg = Release|Win32
		{374D3911-9D12-4FFB-8633-3DC27BECE62A}.Release|x86.Build.0 = Release|Win32
		{442930E1-59AC-485D-B0F2-F5D9098A98DD}.Debug|x64.ActiveCfg = Debug|x64
		{442930E1-59AC-485D-B0F2-F5D9098A98DD}.Debug|x64.Build.0 = Debug|x64
		{442930E1-59AC-485D-B0F2-F5D9098A98DD}.Debug|x86.ActiveCfg = Debug|Win32
		{442930E1-59AC-485D-B0F2-F5D9098A98DD}.Debug|x86.Build.0 = Debug|Win32
		{442930E1-59AC-485D-B0F2-F5D9098A98DD}.Release|x64.ActiveCfg = Release|x64
		{442930E1-59AC-485D-B0F2-F5D9098A98DD}.Release|x64.Build.0 = Release|x64
		{442930E1-59AC-485D-B0F2-F5D9098A98DD}.Release|x86.ActiveCfg = Release|Win32
		{442930E1-59AC-485D-B0F2-F5D9098A98DD}.Release|x86.Build.0 = Release|Win32
		{564BFA3D-E8A7-49B2-9FCF-8B952475E7E9}.Debug|x64.ActiveCfg = Debug|x64
		{564BFA3D-E8A7-49B2-9FCF-8B952475E7E9}.Debug|x64.Build.0 = Debug|x64
		{564BFA3D-E8A7-49B2-9FCF-8B952475E7E9}.Debug|x86.ActiveCfg = Debug|Win32
		{564BFA3D-E8A7-49B2-9FCF-8B952475E7E9}.Debug|x86.Build.0 = Debug|Win32
		{564BFA3D-E8A7-49B2-9FCF-8B952475E7E9}.Release|x64.ActiveCfg = Release|x64
		{564BFA3D-E8A7-49B2-9FCF-8B952475E7E9}.Release|x64.Build.0 = Release|x64
		{564BFA3D-E8A7-49B2-9FCF-8B952475E7E9}.Release|x86.ActiveCfg = Release|Win32
		{564BFA3D-E8A7-49B2-9FCF-8B952475E7E9}.Release|x86.Build.0 = Release|Win32
		{177DBFB0-1888-42A6-9259-44B2230257E0}.Debug|x64.ActiveCfg = Debug|x64
		{177DBFB0-1888-42A6-9259-44B2230257E0}.Debug|x64.Build.0 = Debug|x64
		{177DBFB0-1888-42A6-9259-44B2230257E0}.Debug|x86.ActiveCfg = Debug|Win32
		{177DBFB0-1888-42A6-9259-44B2230257E0}.Debug|x86.Build.0 = Debug|Win32
		{177DBFB0-1888-42A6-9259-44B2230257E0}.Release|x64.ActiveCfg = Release|x64
		{177DBFB0-1888-42A6-9259-44B2230257E0}.Release|x64.Build.0 = Release|x64
		{177DBFB0-1888-42A6-9259-44B2230257E0}.Release|x86.ActiveCfg = Release|Win32
		{177DBFB0-1888-42A6-9259-44B2230257E0}.Release|x86.Build.0 = Release|Win32
	EndGlobalSection
	GlobalSection(SolutionProperties) = preSolution
		HideSolutionNode = FALSE
	EndGlobalSection
	GlobalSection(ExtensibilityGlobals) = postSolution
		SolutionGuid = {8766584A-C726-42A0-8C64-419F3C962FF8}
	EndGlobalSection
EndGlobal
